// !$*UTF8*$!
{
	archiveVersion = 1;
	classes = {
	};
	objectVersion = 56;
	objects = {

/* Begin PBXBuildFile section */
		D1DA0A6E2ADDCF890004EB62 /* FruitsAppApp.swift in Sources */ = {isa = PBXBuildFile; fileRef = D1DA0A6D2ADDCF890004EB62 /* FruitsAppApp.swift */; };
		D1DA0A702ADDCF890004EB62 /* ContentView.swift in Sources */ = {isa = PBXBuildFile; fileRef = D1DA0A6F2ADDCF890004EB62 /* ContentView.swift */; };
		D1DA0A722ADDCF930004EB62 /* Assets.xcassets in Resources */ = {isa = PBXBuildFile; fileRef = D1DA0A712ADDCF930004EB62 /* Assets.xcassets */; };
		D1DA0A752ADDCF930004EB62 /* Preview Assets.xcassets in Resources */ = {isa = PBXBuildFile; fileRef = D1DA0A742ADDCF930004EB62 /* Preview Assets.xcassets */; };
		D1DA0A7F2ADDCF940004EB62 /* FruitsAppTests.swift in Sources */ = {isa = PBXBuildFile; fileRef = D1DA0A7E2ADDCF940004EB62 /* FruitsAppTests.swift */; };
		D1DA0A892ADDCF940004EB62 /* FruitsAppUITests.swift in Sources */ = {isa = PBXBuildFile; fileRef = D1DA0A882ADDCF940004EB62 /* FruitsAppUITests.swift */; };
		D1DA0A8B2ADDCF940004EB62 /* FruitsAppUITestsLaunchTests.swift in Sources */ = {isa = PBXBuildFile; fileRef = D1DA0A8A2ADDCF940004EB62 /* FruitsAppUITestsLaunchTests.swift */; };
		D1DA0A982ADDD63A0004EB62 /* FruitRowView.swift in Sources */ = {isa = PBXBuildFile; fileRef = D1DA0A972ADDD63A0004EB62 /* FruitRowView.swift */; };
		D1DA0A9A2ADDDB7E0004EB62 /* FruitDetailsView.swift in Sources */ = {isa = PBXBuildFile; fileRef = D1DA0A992ADDDB7E0004EB62 /* FruitDetailsView.swift */; };
/* End PBXBuildFile section */

/* Begin PBXContainerItemProxy section */
		D1DA0A7B2ADDCF940004EB62 /* PBXContainerItemProxy */ = {
			isa = PBXContainerItemProxy;
			containerPortal = D1DA0A622ADDCF880004EB62 /* Project object */;
			proxyType = 1;
			remoteGlobalIDString = D1DA0A692ADDCF890004EB62;
			remoteInfo = FruitsApp;
		};
		D1DA0A852ADDCF940004EB62 /* PBXContainerItemProxy */ = {
			isa = PBXContainerItemProxy;
			containerPortal = D1DA0A622ADDCF880004EB62 /* Project object */;
			proxyType = 1;
			remoteGlobalIDString = D1DA0A692ADDCF890004EB62;
			remoteInfo = FruitsApp;
		};
/* End PBXContainerItemProxy section */

/* Begin PBXFileReference section */
		D1DA0A6A2ADDCF890004EB62 /* FruitsApp.app */ = {isa = PBXFileReference; explicitFileType = wrapper.application; includeInIndex = 0; path = FruitsApp.app; sourceTree = BUILT_PRODUCTS_DIR; };
		D1DA0A6D2ADDCF890004EB62 /* FruitsAppApp.swift */ = {isa = PBXFileReference; lastKnownFileType = sourcecode.swift; path = FruitsAppApp.swift; sourceTree = "<group>"; };
		D1DA0A6F2ADDCF890004EB62 /* ContentView.swift */ = {isa = PBXFileReference; lastKnownFileType = sourcecode.swift; path = ContentView.swift; sourceTree = "<group>"; };
		D1DA0A712ADDCF930004EB62 /* Assets.xcassets */ = {isa = PBXFileReference; lastKnownFileType = folder.assetcatalog; path = Assets.xcassets; sourceTree = "<group>"; };
		D1DA0A742ADDCF930004EB62 /* Preview Assets.xcassets */ = {isa = PBXFileReference; lastKnownFileType = folder.assetcatalog; path = "Preview Assets.xcassets"; sourceTree = "<group>"; };
		D1DA0A7A2ADDCF940004EB62 /* FruitsAppTests.xctest */ = {isa = PBXFileReference; explicitFileType = wrapper.cfbundle; includeInIndex = 0; path = FruitsAppTests.xctest; sourceTree = BUILT_PRODUCTS_DIR; };
		D1DA0A7E2ADDCF940004EB62 /* FruitsAppTests.swift */ = {isa = PBXFileReference; lastKnownFileType = sourcecode.swift; path = FruitsAppTests.swift; sourceTree = "<group>"; };
		D1DA0A842ADDCF940004EB62 /* FruitsAppUITests.xctest */ = {isa = PBXFileReference; explicitFileType = wrapper.cfbundle; includeInIndex = 0; path = FruitsAppUITests.xctest; sourceTree = BUILT_PRODUCTS_DIR; };
		D1DA0A882ADDCF940004EB62 /* FruitsAppUITests.swift */ = {isa = PBXFileReference; lastKnownFileType = sourcecode.swift; path = FruitsAppUITests.swift; sourceTree = "<group>"; };
		D1DA0A8A2ADDCF940004EB62 /* FruitsAppUITestsLaunchTests.swift */ = {isa = PBXFileReference; lastKnownFileType = sourcecode.swift; path = FruitsAppUITestsLaunchTests.swift; sourceTree = "<group>"; };
		D1DA0A972ADDD63A0004EB62 /* FruitRowView.swift */ = {isa = PBXFileReference; lastKnownFileType = sourcecode.swift; path = FruitRowView.swift; sourceTree = "<group>"; };
		D1DA0A992ADDDB7E0004EB62 /* FruitDetailsView.swift */ = {isa = PBXFileReference; lastKnownFileType = sourcecode.swift; path = FruitDetailsView.swift; sourceTree = "<group>"; };
/* End PBXFileReference section */

/* Begin PBXFrameworksBuildPhase section */
		D1DA0A672ADDCF890004EB62 /* Frameworks */ = {
			isa = PBXFrameworksBuildPhase;
			buildActionMask = 2147483647;
			files = (
			);
			runOnlyForDeploymentPostprocessing = 0;
		};
		D1DA0A772ADDCF940004EB62 /* Frameworks */ = {
			isa = PBXFrameworksBuildPhase;
			buildActionMask = 2147483647;
			files = (
			);
			runOnlyForDeploymentPostprocessing = 0;
		};
		D1DA0A812ADDCF940004EB62 /* Frameworks */ = {
			isa = PBXFrameworksBuildPhase;
			buildActionMask = 2147483647;
			files = (
			);
			runOnlyForDeploymentPostprocessing = 0;
		};
/* End PBXFrameworksBuildPhase section */

/* Begin PBXGroup section */
		D1DA0A612ADDCF880004EB62 = {
			isa = PBXGroup;
			children = (
				D1DA0A6C2ADDCF890004EB62 /* FruitsApp */,
				D1DA0A7D2ADDCF940004EB62 /* FruitsAppTests */,
				D1DA0A872ADDCF940004EB62 /* FruitsAppUITests */,
				D1DA0A6B2ADDCF890004EB62 /* Products */,
			);
			sourceTree = "<group>";
		};
		D1DA0A6B2ADDCF890004EB62 /* Products */ = {
			isa = PBXGroup;
			children = (
				D1DA0A6A2ADDCF890004EB62 /* FruitsApp.app */,
				D1DA0A7A2ADDCF940004EB62 /* FruitsAppTests.xctest */,
				D1DA0A842ADDCF940004EB62 /* FruitsAppUITests.xctest */,
			);
			name = Products;
			sourceTree = "<group>";
		};
		D1DA0A6C2ADDCF890004EB62 /* FruitsApp */ = {
			isa = PBXGroup;
			children = (
				D1DA0A6D2ADDCF890004EB62 /* FruitsAppApp.swift */,
				D1DA0A6F2ADDCF890004EB62 /* ContentView.swift */,
				D1DA0A712ADDCF930004EB62 /* Assets.xcassets */,
				D1DA0A732ADDCF930004EB62 /* Preview Content */,
				D1DA0A972ADDD63A0004EB62 /* FruitRowView.swift */,
				D1DA0A992ADDDB7E0004EB62 /* FruitDetailsView.swift */,
			);
			path = FruitsApp;
			sourceTree = "<group>";
		};
		D1DA0A732ADDCF930004EB62 /* Preview Content */ = {
			isa = PBXGroup;
			children = (
				D1DA0A742ADDCF930004EB62 /* Preview Assets.xcassets */,
			);
			path = "Preview Content";
			sourceTree = "<group>";
		};
		D1DA0A7D2ADDCF940004EB62 /* FruitsAppTests */ = {
			isa = PBXGroup;
			children = (
				D1DA0A7E2ADDCF940004EB62 /* FruitsAppTests.swift */,
			);
			path = FruitsAppTests;
			sourceTree = "<group>";
		};
		D1DA0A872ADDCF940004EB62 /* FruitsAppUITests */ = {
			isa = PBXGroup;
			children = (
				D1DA0A882ADDCF940004EB62 /* FruitsAppUITests.swift */,
				D1DA0A8A2ADDCF940004EB62 /* FruitsAppUITestsLaunchTests.swift */,
			);
			path = FruitsAppUITests;
			sourceTree = "<group>";
		};
/* End PBXGroup section */

/* Begin PBXNativeTarget section */
		D1DA0A692ADDCF890004EB62 /* FruitsApp */ = {
			isa = PBXNativeTarget;
			buildConfigurationList = D1DA0A8E2ADDCF940004EB62 /* Build configuration list for PBXNativeTarget "FruitsApp" */;
			buildPhases = (
				D1DA0A662ADDCF890004EB62 /* Sources */,
				D1DA0A672ADDCF890004EB62 /* Frameworks */,
				D1DA0A682ADDCF890004EB62 /* Resources */,
			);
			buildRules = (
			);
			dependencies = (
			);
			name = FruitsApp;
			productName = FruitsApp;
			productReference = D1DA0A6A2ADDCF890004EB62 /* FruitsApp.app */;
			productType = "com.apple.product-type.application";
		};
		D1DA0A792ADDCF940004EB62 /* FruitsAppTests */ = {
			isa = PBXNativeTarget;
			buildConfigurationList = D1DA0A912ADDCF940004EB62 /* Build configuration list for PBXNativeTarget "FruitsAppTests" */;
			buildPhases = (
				D1DA0A762ADDCF940004EB62 /* Sources */,
				D1DA0A772ADDCF940004EB62 /* Frameworks */,
				D1DA0A782ADDCF940004EB62 /* Resources */,
			);
			buildRules = (
			);
			dependencies = (
				D1DA0A7C2ADDCF940004EB62 /* PBXTargetDependency */,
			);
			name = FruitsAppTests;
			productName = FruitsAppTests;
			productReference = D1DA0A7A2ADDCF940004EB62 /* FruitsAppTests.xctest */;
			productType = "com.apple.product-type.bundle.unit-test";
		};
		D1DA0A832ADDCF940004EB62 /* FruitsAppUITests */ = {
			isa = PBXNativeTarget;
			buildConfigurationList = D1DA0A942ADDCF940004EB62 /* Build configuration list for PBXNativeTarget "FruitsAppUITests" */;
			buildPhases = (
				D1DA0A802ADDCF940004EB62 /* Sources */,
				D1DA0A812ADDCF940004EB62 /* Frameworks */,
				D1DA0A822ADDCF940004EB62 /* Resources */,
			);
			buildRules = (
			);
			dependencies = (
				D1DA0A862ADDCF940004EB62 /* PBXTargetDependency */,
			);
			name = FruitsAppUITests;
			productName = FruitsAppUITests;
			productReference = D1DA0A842ADDCF940004EB62 /* FruitsAppUITests.xctest */;
			productType = "com.apple.product-type.bundle.ui-testing";
		};
/* End PBXNativeTarget section */

/* Begin PBXProject section */
		D1DA0A622ADDCF880004EB62 /* Project object */ = {
			isa = PBXProject;
			attributes = {
				BuildIndependentTargetsInParallel = 1;
				LastSwiftUpdateCheck = 1500;
				LastUpgradeCheck = 1500;
				TargetAttributes = {
					D1DA0A692ADDCF890004EB62 = {
						CreatedOnToolsVersion = 15.0;
					};
					D1DA0A792ADDCF940004EB62 = {
						CreatedOnToolsVersion = 15.0;
						TestTargetID = D1DA0A692ADDCF890004EB62;
					};
					D1DA0A832ADDCF940004EB62 = {
						CreatedOnToolsVersion = 15.0;
						TestTargetID = D1DA0A692ADDCF890004EB62;
					};
				};
			};
			buildConfigurationList = D1DA0A652ADDCF880004EB62 /* Build configuration list for PBXProject "FruitsApp" */;
			compatibilityVersion = "Xcode 14.0";
			developmentRegion = en;
			hasScannedForEncodings = 0;
			knownRegions = (
				en,
				Base,
			);
			mainGroup = D1DA0A612ADDCF880004EB62;
			productRefGroup = D1DA0A6B2ADDCF890004EB62 /* Products */;
			projectDirPath = "";
			projectRoot = "";
			targets = (
				D1DA0A692ADDCF890004EB62 /* FruitsApp */,
				D1DA0A792ADDCF940004EB62 /* FruitsAppTests */,
				D1DA0A832ADDCF940004EB62 /* FruitsAppUITests */,
			);
		};
/* End PBXProject section */

/* Begin PBXResourcesBuildPhase section */
		D1DA0A682ADDCF890004EB62 /* Resources */ = {
			isa = PBXResourcesBuildPhase;
			buildActionMask = 2147483647;
			files = (
				D1DA0A752ADDCF930004EB62 /* Preview Assets.xcassets in Resources */,
				D1DA0A722ADDCF930004EB62 /* Assets.xcassets in Resources */,
			);
			runOnlyForDeploymentPostprocessing = 0;
		};
		D1DA0A782ADDCF940004EB62 /* Resources */ = {
			isa = PBXResourcesBuildPhase;
			buildActionMask = 2147483647;
			files = (
			);
			runOnlyForDeploymentPostprocessing = 0;
		};
		D1DA0A822ADDCF940004EB62 /* Resources */ = {
			isa = PBXResourcesBuildPhase;
			buildActionMask = 2147483647;
			files = (
			);
			runOnlyForDeploymentPostprocessing = 0;
		};
/* End PBXResourcesBuildPhase section */

/* Begin PBXSourcesBuildPhase section */
		D1DA0A662ADDCF890004EB62 /* Sources */ = {
			isa = PBXSourcesBuildPhase;
			buildActionMask = 2147483647;
			files = (
				D1DA0A9A2ADDDB7E0004EB62 /* FruitDetailsView.swift in Sources */,
				D1DA0A702ADDCF890004EB62 /* ContentView.swift in Sources */,
				D1DA0A6E2ADDCF890004EB62 /* FruitsAppApp.swift in Sources */,
				D1DA0A982ADDD63A0004EB62 /* FruitRowView.swift in Sources */,
			);
			runOnlyForDeploymentPostprocessing = 0;
		};
		D1DA0A762ADDCF940004EB62 /* Sources */ = {
			isa = PBXSourcesBuildPhase;
			buildActionMask = 2147483647;
			files = (
				D1DA0A7F2ADDCF940004EB62 /* FruitsAppTests.swift in Sources */,
			);
			runOnlyForDeploymentPostprocessing = 0;
		};
		D1DA0A802ADDCF940004EB62 /* Sources */ = {
			isa = PBXSourcesBuildPhase;
			buildActionMask = 2147483647;
			files = (
				D1DA0A892ADDCF940004EB62 /* FruitsAppUITests.swift in Sources */,
				D1DA0A8B2ADDCF940004EB62 /* FruitsAppUITestsLaunchTests.swift in Sources */,
			);
			runOnlyForDeploymentPostprocessing = 0;
		};
/* End PBXSourcesBuildPhase section */

/* Begin PBXTargetDependency section */
		D1DA0A7C2ADDCF940004EB62 /* PBXTargetDependency */ = {
			isa = PBXTargetDependency;
			target = D1DA0A692ADDCF890004EB62 /* FruitsApp */;
			targetProxy = D1DA0A7B2ADDCF940004EB62 /* PBXContainerItemProxy */;
		};
		D1DA0A862ADDCF940004EB62 /* PBXTargetDependency */ = {
			isa = PBXTargetDependency;
			target = D1DA0A692ADDCF890004EB62 /* FruitsApp */;
			targetProxy = D1DA0A852ADDCF940004EB62 /* PBXContainerItemProxy */;
		};
/* End PBXTargetDependency section */

/* Begin XCBuildConfiguration section */
		D1DA0A8C2ADDCF940004EB62 /* Debug */ = {
			isa = XCBuildConfiguration;
			buildSettings = {
				ALWAYS_SEARCH_USER_PATHS = NO;
				ASSETCATALOG_COMPILER_GENERATE_SWIFT_ASSET_SYMBOL_EXTENSIONS = YES;
				CLANG_ANALYZER_NONNULL = YES;
				CLANG_ANALYZER_NUMBER_OBJECT_CONVERSION = YES_AGGRESSIVE;
				CLANG_CXX_LANGUAGE_STANDARD = "gnu++20";
				CLANG_ENABLE_MODULES = YES;
				CLANG_ENABLE_OBJC_ARC = YES;
				CLANG_ENABLE_OBJC_WEAK = YES;
				CLANG_WARN_BLOCK_CAPTURE_AUTORELEASING = YES;
				CLANG_WARN_BOOL_CONVERSION = YES;
				CLANG_WARN_COMMA = YES;
				CLANG_WARN_CONSTANT_CONVERSION = YES;
				CLANG_WARN_DEPRECATED_OBJC_IMPLEMENTATIONS = YES;
				CLANG_WARN_DIRECT_OBJC_ISA_USAGE = YES_ERROR;
				CLANG_WARN_DOCUMENTATION_COMMENTS = YES;
				CLANG_WARN_EMPTY_BODY = YES;
				CLANG_WARN_ENUM_CONVERSION = YES;
				CLANG_WARN_INFINITE_RECURSION = YES;
				CLANG_WARN_INT_CONVERSION = YES;
				CLANG_WARN_NON_LITERAL_NULL_CONVERSION = YES;
				CLANG_WARN_OBJC_IMPLICIT_RETAIN_SELF = YES;
				CLANG_WARN_OBJC_LITERAL_CONVERSION = YES;
				CLANG_WARN_OBJC_ROOT_CLASS = YES_ERROR;
				CLANG_WARN_QUOTED_INCLUDE_IN_FRAMEWORK_HEADER = YES;
				CLANG_WARN_RANGE_LOOP_ANALYSIS = YES;
				CLANG_WARN_STRICT_PROTOTYPES = YES;
				CLANG_WARN_SUSPICIOUS_MOVE = YES;
				CLANG_WARN_UNGUARDED_AVAILABILITY = YES_AGGRESSIVE;
				CLANG_WARN_UNREACHABLE_CODE = YES;
				CLANG_WARN__DUPLICATE_METHOD_MATCH = YES;
				COPY_PHASE_STRIP = NO;
				DEBUG_INFORMATION_FORMAT = dwarf;
				ENABLE_STRICT_OBJC_MSGSEND = YES;
				ENABLE_TESTABILITY = YES;
				ENABLE_USER_SCRIPT_SANDBOXING = YES;
				GCC_C_LANGUAGE_STANDARD = gnu17;
				GCC_DYNAMIC_NO_PIC = NO;
				GCC_NO_COMMON_BLOCKS = YES;
				GCC_OPTIMIZATION_LEVEL = 0;
				GCC_PREPROCESSOR_DEFINITIONS = (
					"DEBUG=1",
					"$(inherited)",
				);
				GCC_WARN_64_TO_32_BIT_CONVERSION = YES;
				GCC_WARN_ABOUT_RETURN_TYPE = YES_ERROR;
				GCC_WARN_UNDECLARED_SELECTOR = YES;
				GCC_WARN_UNINITIALIZED_AUTOS = YES_AGGRESSIVE;
				GCC_WARN_UNUSED_FUNCTION = YES;
				GCC_WARN_UNUSED_VARIABLE = YES;
				IPHONEOS_DEPLOYMENT_TARGET = 17.0;
				LOCALIZATION_PREFERS_STRING_CATALOGS = YES;
				MTL_ENABLE_DEBUG_INFO = INCLUDE_SOURCE;
				MTL_FAST_MATH = YES;
				ONLY_ACTIVE_ARCH = YES;
				SDKROOT = iphoneos;
				SWIFT_ACTIVE_COMPILATION_CONDITIONS = "DEBUG $(inherited)";
				SWIFT_OPTIMIZATION_LEVEL = "-Onone";
			};
			name = Debug;
		};
		D1DA0A8D2ADDCF940004EB62 /* Release */ = {
			isa = XCBuildConfiguration;
			buildSettings = {
				ALWAYS_SEARCH_USER_PATHS = NO;
				ASSETCATALOG_COMPILER_GENERATE_SWIFT_ASSET_SYMBOL_EXTENSIONS = YES;
				CLANG_ANALYZER_NONNULL = YES;
				CLANG_ANALYZER_NUMBER_OBJECT_CONVERSION = YES_AGGRESSIVE;
				CLANG_CXX_LANGUAGE_STANDARD = "gnu++20";
				CLANG_ENABLE_MODULES = YES;
				CLANG_ENABLE_OBJC_ARC = YES;
				CLANG_ENABLE_OBJC_WEAK = YES;
				CLANG_WARN_BLOCK_CAPTURE_AUTORELEASING = YES;
				CLANG_WARN_BOOL_CONVERSION = YES;
				CLANG_WARN_COMMA = YES;
				CLANG_WARN_CONSTANT_CONVERSION = YES;
				CLANG_WARN_DEPRECATED_OBJC_IMPLEMENTATIONS = YES;
				CLANG_WARN_DIRECT_OBJC_ISA_USAGE = YES_ERROR;
				CLANG_WARN_DOCUMENTATION_COMMENTS = YES;
				CLANG_WARN_EMPTY_BODY = YES;
				CLANG_WARN_ENUM_CONVERSION = YES;
				CLANG_WARN_INFINITE_RECURSION = YES;
				CLANG_WARN_INT_CONVERSION = YES;
				CLANG_WARN_NON_LITERAL_NULL_CONVERSION = YES;
				CLANG_WARN_OBJC_IMPLICIT_RETAIN_SELF = YES;
				CLANG_WARN_OBJC_LITERAL_CONVERSION = YES;
				CLANG_WARN_OBJC_ROOT_CLASS = YES_ERROR;
				CLANG_WARN_QUOTED_INCLUDE_IN_FRAMEWORK_HEADER = YES;
				CLANG_WARN_RANGE_LOOP_ANALYSIS = YES;
				CLANG_WARN_STRICT_PROTOTYPES = YES;
				CLANG_WARN_SUSPICIOUS_MOVE = YES;
				CLANG_WARN_UNGUARDED_AVAILABILITY = YES_AGGRESSIVE;
				CLANG_WARN_UNREACHABLE_CODE = YES;
				CLANG_WARN__DUPLICATE_METHOD_MATCH = YES;
				COPY_PHASE_STRIP = NO;
				DEBUG_INFORMATION_FORMAT = "dwarf-with-dsym";
				ENABLE_NS_ASSERTIONS = NO;
				ENABLE_STRICT_OBJC_MSGSEND = YES;
				ENABLE_USER_SCRIPT_SANDBOXING = YES;
				GCC_C_LANGUAGE_STANDARD = gnu17;
				GCC_NO_COMMON_BLOCKS = YES;
				GCC_WARN_64_TO_32_BIT_CONVERSION = YES;
				GCC_WARN_ABOUT_RETURN_TYPE = YES_ERROR;
				GCC_WARN_UNDECLARED_SELECTOR = YES;
				GCC_WARN_UNINITIALIZED_AUTOS = YES_AGGRESSIVE;
				GCC_WARN_UNUSED_FUNCTION = YES;
				GCC_WARN_UNUSED_VARIABLE = YES;
				IPHONEOS_DEPLOYMENT_TARGET = 17.0;
				LOCALIZATION_PREFERS_STRING_CATALOGS = YES;
				MTL_ENABLE_DEBUG_INFO = NO;
				MTL_FAST_MATH = YES;
				SDKROOT = iphoneos;
				SWIFT_COMPILATION_MODE = wholemodule;
				VALIDATE_PRODUCT = YES;
			};
			name = Release;
		};
		D1DA0A8F2ADDCF940004EB62 /* Debug */ = {
			isa = XCBuildConfiguration;
			buildSettings = {
				ASSETCATALOG_COMPILER_APPICON_NAME = AppIcon;
				ASSETCATALOG_COMPILER_GLOBAL_ACCENT_COLOR_NAME = AccentColor;
				CODE_SIGN_STYLE = Automatic;
				CURRENT_PROJECT_VERSION = 1;
				DEVELOPMENT_ASSET_PATHS = "\"FruitsApp/Preview Content\"";
				DEVELOPMENT_TEAM = LY84C4XUY3;
				ENABLE_PREVIEWS = YES;
				GENERATE_INFOPLIST_FILE = YES;
				INFOPLIST_KEY_UIApplicationSceneManifest_Generation = YES;
				INFOPLIST_KEY_UIApplicationSupportsIndirectInputEvents = YES;
				INFOPLIST_KEY_UILaunchScreen_Generation = YES;
				INFOPLIST_KEY_UISupportedInterfaceOrientations_iPad = "UIInterfaceOrientationPortrait UIInterfaceOrientationPortraitUpsideDown UIInterfaceOrientationLandscapeLeft UIInterfaceOrientationLandscapeRight";
				INFOPLIST_KEY_UISupportedInterfaceOrientations_iPhone = "UIInterfaceOrientationPortrait UIInterfaceOrientationLandscapeLeft UIInterfaceOrientationLandscapeRight";
				LD_RUNPATH_SEARCH_PATHS = (
					"$(inherited)",
					"@executable_path/Frameworks",
				);
				MARKETING_VERSION = 1.0;
				PRODUCT_BUNDLE_IDENTIFIER = mohamad.FruitsApp;
				PRODUCT_NAME = "$(TARGET_NAME)";
				SWIFT_EMIT_LOC_STRINGS = YES;
				SWIFT_VERSION = 5.0;
				TARGETED_DEVICE_FAMILY = "1,2";
			};
			name = Debug;
		};
		D1DA0A902ADDCF940004EB62 /* Release */ = {
			isa = XCBuildConfiguration;
			buildSettings = {
				ASSETCATALOG_COMPILER_APPICON_NAME = AppIcon;
				ASSETCATALOG_COMPILER_GLOBAL_ACCENT_COLOR_NAME = AccentColor;
				CODE_SIGN_STYLE = Automatic;
				CURRENT_PROJECT_VERSION = 1;
				DEVELOPMENT_ASSET_PATHS = "\"FruitsApp/Preview Content\"";
				DEVELOPMENT_TEAM = LY84C4XUY3;
				ENABLE_PREVIEWS = YES;
				GENERATE_INFOPLIST_FILE = YES;
				INFOPLIST_KEY_UIApplicationSceneManifest_Generation = YES;
				INFOPLIST_KEY_UIApplicationSupportsIndirectInputEvents = YES;
				INFOPLIST_KEY_UILaunchScreen_Generation = YES;
				INFOPLIST_KEY_UISupportedInterfaceOrientations_iPad = "UIInterfaceOrientationPortrait UIInterfaceOrientationPortraitUpsideDown UIInterfaceOrientationLandscapeLeft UIInterfaceOrientationLandscapeRight";
				INFOPLIST_KEY_UISupportedInterfaceOrientations_iPhone = "UIInterfaceOrientationPortrait UIInterfaceOrientationLandscapeLeft UIInterfaceOrientationLandscapeRight";
				LD_RUNPATH_SEARCH_PATHS = (
					"$(inherited)",
					"@executable_path/Frameworks",
				);
				MARKETING_VERSION = 1.0;
				PRODUCT_BUNDLE_IDENTIFIER = mohamad.FruitsApp;
				PRODUCT_NAME = "$(TARGET_NAME)";
				SWIFT_EMIT_LOC_STRINGS = YES;
				SWIFT_VERSION = 5.0;
				TARGETED_DEVICE_FAMILY = "1,2";
			};
			name = Release;
		};
		D1DA0A922ADDCF940004EB62 /* Debug */ = {
			isa = XCBuildConfiguration;
			buildSettings = {
				ALWAYS_EMBED_SWIFT_STANDARD_LIBRARIES = YES;
				BUNDLE_LOADER = "$(TEST_HOST)";
				CODE_SIGN_STYLE = Automatic;
				CURRENT_PROJECT_VERSION = 1;
				DEVELOPMENT_TEAM = LY84C4XUY3;
				GENERATE_INFOPLIST_FILE = YES;
				IPHONEOS_DEPLOYMENT_TARGET = 17.0;
				MARKETING_VERSION = 1.0;
				PRODUCT_BUNDLE_IDENTIFIER = mohamad.FruitsAppTests;
				PRODUCT_NAME = "$(TARGET_NAME)";
				SWIFT_EMIT_LOC_STRINGS = NO;
				SWIFT_VERSION = 5.0;
				TARGETED_DEVICE_FAMILY = "1,2";
				TEST_HOST = "$(BUILT_PRODUCTS_DIR)/FruitsApp.app/$(BUNDLE_EXECUTABLE_FOLDER_PATH)/FruitsApp";
			};
			name = Debug;
		};
		D1DA0A932ADDCF940004EB62 /* Release */ = {
			isa = XCBuildConfiguration;
			buildSettings = {
				ALWAYS_EMBED_SWIFT_STANDARD_LIBRARIES = YES;
				BUNDLE_LOADER = "$(TEST_HOST)";
				CODE_SIGN_STYLE = Automatic;
				CURRENT_PROJECT_VERSION = 1;
				DEVELOPMENT_TEAM = LY84C4XUY3;
				GENERATE_INFOPLIST_FILE = YES;
				IPHONEOS_DEPLOYMENT_TARGET = 17.0;
				MARKETING_VERSION = 1.0;
				PRODUCT_BUNDLE_IDENTIFIER = mohamad.FruitsAppTests;
				PRODUCT_NAME = "$(TARGET_NAME)";
				SWIFT_EMIT_LOC_STRINGS = NO;
				SWIFT_VERSION = 5.0;
				TARGETED_DEVICE_FAMILY = "1,2";
				TEST_HOST = "$(BUILT_PRODUCTS_DIR)/FruitsApp.app/$(BUNDLE_EXECUTABLE_FOLDER_PATH)/FruitsApp";
			};
			name = Release;
		};
		D1DA0A952ADDCF940004EB62 /* Debug */ = {
			isa = XCBuildConfiguration;
			buildSettings = {
				ALWAYS_EMBED_SWIFT_STANDARD_LIBRARIES = YES;
				CODE_SIGN_STYLE = Automatic;
				CURRENT_PROJECT_VERSION = 1;
				DEVELOPMENT_TEAM = LY84C4XUY3;
				GENERATE_INFOPLIST_FILE = YES;
				MARKETING_VERSION = 1.0;
				PRODUCT_BUNDLE_IDENTIFIER = mohamad.FruitsAppUITests;
				PRODUCT_NAME = "$(TARGET_NAME)";
				SWIFT_EMIT_LOC_STRINGS = NO;
				SWIFT_VERSION = 5.0;
				TARGETED_DEVICE_FAMILY = "1,2";
				TEST_TARGET_NAME = FruitsApp;
			};
			name = Debug;
		};
		D1DA0A962ADDCF940004EB62 /* Release */ = {
			isa = XCBuildConfiguration;
			buildSettings = {
				ALWAYS_EMBED_SWIFT_STANDARD_LIBRARIES = YES;
				CODE_SIGN_STYLE = Automatic;
				CURRENT_PROJECT_VERSION = 1;
				DEVELOPMENT_TEAM = LY84C4XUY3;
				GENERATE_INFOPLIST_FILE = YES;
				MARKETING_VERSION = 1.0;
				PRODUCT_BUNDLE_IDENTIFIER = mohamad.FruitsAppUITests;
				PRODUCT_NAME = "$(TARGET_NAME)";
				SWIFT_EMIT_LOC_STRINGS = NO;
				SWIFT_VERSION = 5.0;
				TARGETED_DEVICE_FAMILY = "1,2";
				TEST_TARGET_NAME = FruitsApp;
			};
			name = Release;
		};
/* End XCBuildConfiguration section */

/* Begin XCConfigurationList section */
		D1DA0A652ADDCF880004EB62 /* Build configuration list for PBXProject "FruitsApp" */ = {
			isa = XCConfigurationList;
			buildConfigurations = (
				D1DA0A8C2ADDCF940004EB62 /* Debug */,
				D1DA0A8D2ADDCF940004EB62 /* Release */,
			);
			defaultConfigurationIsVisible = 0;
			defaultConfigurationName = Release;
		};
		D1DA0A8E2ADDCF940004EB62 /* Build configuration list for PBXNativeTarget "FruitsApp" */ = {
			isa = XCConfigurationList;
			buildConfigurations = (
				D1DA0A8F2ADDCF940004EB62 /* Debug */,
				D1DA0A902ADDCF940004EB62 /* Release */,
			);
			defaultConfigurationIsVisible = 0;
			defaultConfigurationName = Release;
		};
		D1DA0A912ADDCF940004EB62 /* Build configuration list for PBXNativeTarget "FruitsAppTests" */ = {
			isa = XCConfigurationList;
			buildConfigurations = (
				D1DA0A922ADDCF940004EB62 /* Debug */,
				D1DA0A932ADDCF940004EB62 /* Release */,
			);
			defaultConfigurationIsVisible = 0;
			defaultConfigurationName = Release;
		};
		D1DA0A942ADDCF940004EB62 /* Build configuration list for PBXNativeTarget "FruitsAppUITests" */ = {
			isa = XCConfigurationList;
			buildConfigurations = (
				D1DA0A952ADDCF940004EB62 /* Debug */,
				D1DA0A962ADDCF940004EB62 /* Release */,
			);
			defaultConfigurationIsVisible = 0;
			defaultConfigurationName = Release;
		};
/* End XCConfigurationList section */
	};
	rootObject = D1DA0A622ADDCF880004EB62 /* Project object */;
}
